// !$*UTF8*$!
{
	archiveVersion = 1;
	classes = {
	};
	objectVersion = 56;
	objects = {

/* Begin PBXBuildFile section */
		16FEA5272B8CBF5B00950AAC /* URLSession_AlamofireApp.swift in Sources */ = {isa = PBXBuildFile; fileRef = 16FEA5262B8CBF5B00950AAC /* URLSession_AlamofireApp.swift */; };
		16FEA5292B8CBF5B00950AAC /* FirestView.swift in Sources */ = {isa = PBXBuildFile; fileRef = 16FEA5282B8CBF5B00950AAC /* FirestView.swift */; };
		16FEA52B2B8CBF5D00950AAC /* Assets.xcassets in Resources */ = {isa = PBXBuildFile; fileRef = 16FEA52A2B8CBF5D00950AAC /* Assets.xcassets */; };
		16FEA52E2B8CBF5D00950AAC /* Preview Assets.xcassets in Resources */ = {isa = PBXBuildFile; fileRef = 16FEA52D2B8CBF5D00950AAC /* Preview Assets.xcassets */; };
		16FEA5382B8CBF5D00950AAC /* URLSession_AlamofireTests.swift in Sources */ = {isa = PBXBuildFile; fileRef = 16FEA5372B8CBF5D00950AAC /* URLSession_AlamofireTests.swift */; };
		16FEA5422B8CBF5D00950AAC /* URLSession_AlamofireUITests.swift in Sources */ = {isa = PBXBuildFile; fileRef = 16FEA5412B8CBF5D00950AAC /* URLSession_AlamofireUITests.swift */; };
		16FEA5442B8CBF5D00950AAC /* URLSession_AlamofireUITestsLaunchTests.swift in Sources */ = {isa = PBXBuildFile; fileRef = 16FEA5432B8CBF5D00950AAC /* URLSession_AlamofireUITestsLaunchTests.swift */; };
		16FEA5522B8CC16F00950AAC /* Alamofire in Frameworks */ = {isa = PBXBuildFile; productRef = 16FEA5512B8CC16F00950AAC /* Alamofire */; };
		16FEA5542B8CC74700950AAC /* UserModel.swift in Sources */ = {isa = PBXBuildFile; fileRef = 16FEA5532B8CC74700950AAC /* UserModel.swift */; };
		16FEA5562B8CD09600950AAC /* ListView.swift in Sources */ = {isa = PBXBuildFile; fileRef = 16FEA5552B8CD09600950AAC /* ListView.swift */; };
		16FEA5582B8CD3F000950AAC /* NetworkService.swift in Sources */ = {isa = PBXBuildFile; fileRef = 16FEA5572B8CD3F000950AAC /* NetworkService.swift */; };
		16FEA55A2B8CD7E200950AAC /* Resource.swift in Sources */ = {isa = PBXBuildFile; fileRef = 16FEA5592B8CD7E200950AAC /* Resource.swift */; };
		16FEA55F2B8CDE7D00950AAC /* NetworkServiceAF.swift in Sources */ = {isa = PBXBuildFile; fileRef = 16FEA55E2B8CDE7D00950AAC /* NetworkServiceAF.swift */; };
		16FEA5612B8E0C7200950AAC /* URLSessionView.swift in Sources */ = {isa = PBXBuildFile; fileRef = 16FEA5602B8E0C7200950AAC /* URLSessionView.swift */; };
		16FEA5632B8E0C7B00950AAC /* AlamofireView.swift in Sources */ = {isa = PBXBuildFile; fileRef = 16FEA5622B8E0C7B00950AAC /* AlamofireView.swift */; };
		16FEA5652B8E12AF00950AAC /* URLSessionViewModel.swift in Sources */ = {isa = PBXBuildFile; fileRef = 16FEA5642B8E12AF00950AAC /* URLSessionViewModel.swift */; };
/* End PBXBuildFile section */

/* Begin PBXContainerItemProxy section */
		16FEA5342B8CBF5D00950AAC /* PBXContainerItemProxy */ = {
			isa = PBXContainerItemProxy;
			containerPortal = 16FEA51B2B8CBF5A00950AAC /* Project object */;
			proxyType = 1;
			remoteGlobalIDString = 16FEA5222B8CBF5B00950AAC;
			remoteInfo = URLSession_Alamofire;
		};
		16FEA53E2B8CBF5D00950AAC /* PBXContainerItemProxy */ = {
			isa = PBXContainerItemProxy;
			containerPortal = 16FEA51B2B8CBF5A00950AAC /* Project object */;
			proxyType = 1;
			remoteGlobalIDString = 16FEA5222B8CBF5B00950AAC;
			remoteInfo = URLSession_Alamofire;
		};
/* End PBXContainerItemProxy section */

/* Begin PBXFileReference section */
		16FEA5232B8CBF5B00950AAC /* URLSession_Alamofire.app */ = {isa = PBXFileReference; explicitFileType = wrapper.application; includeInIndex = 0; path = URLSession_Alamofire.app; sourceTree = BUILT_PRODUCTS_DIR; };
		16FEA5262B8CBF5B00950AAC /* URLSession_AlamofireApp.swift */ = {isa = PBXFileReference; lastKnownFileType = sourcecode.swift; path = URLSession_AlamofireApp.swift; sourceTree = "<group>"; };
		16FEA5282B8CBF5B00950AAC /* FirestView.swift */ = {isa = PBXFileReference; lastKnownFileType = sourcecode.swift; path = FirestView.swift; sourceTree = "<group>"; };
		16FEA52A2B8CBF5D00950AAC /* Assets.xcassets */ = {isa = PBXFileReference; lastKnownFileType = folder.assetcatalog; path = Assets.xcassets; sourceTree = "<group>"; };
		16FEA52D2B8CBF5D00950AAC /* Preview Assets.xcassets */ = {isa = PBXFileReference; lastKnownFileType = folder.assetcatalog; path = "Preview Assets.xcassets"; sourceTree = "<group>"; };
		16FEA5332B8CBF5D00950AAC /* URLSession_AlamofireTests.xctest */ = {isa = PBXFileReference; explicitFileType = wrapper.cfbundle; includeInIndex = 0; path = URLSession_AlamofireTests.xctest; sourceTree = BUILT_PRODUCTS_DIR; };
		16FEA5372B8CBF5D00950AAC /* URLSession_AlamofireTests.swift */ = {isa = PBXFileReference; lastKnownFileType = sourcecode.swift; path = URLSession_AlamofireTests.swift; sourceTree = "<group>"; };
		16FEA53D2B8CBF5D00950AAC /* URLSession_AlamofireUITests.xctest */ = {isa = PBXFileReference; explicitFileType = wrapper.cfbundle; includeInIndex = 0; path = URLSession_AlamofireUITests.xctest; sourceTree = BUILT_PRODUCTS_DIR; };
		16FEA5412B8CBF5D00950AAC /* URLSession_AlamofireUITests.swift */ = {isa = PBXFileReference; lastKnownFileType = sourcecode.swift; path = URLSession_AlamofireUITests.swift; sourceTree = "<group>"; };
		16FEA5432B8CBF5D00950AAC /* URLSession_AlamofireUITestsLaunchTests.swift */ = {isa = PBXFileReference; lastKnownFileType = sourcecode.swift; path = URLSession_AlamofireUITestsLaunchTests.swift; sourceTree = "<group>"; };
		16FEA5532B8CC74700950AAC /* UserModel.swift */ = {isa = PBXFileReference; lastKnownFileType = sourcecode.swift; path = UserModel.swift; sourceTree = "<group>"; };
		16FEA5552B8CD09600950AAC /* ListView.swift */ = {isa = PBXFileReference; lastKnownFileType = sourcecode.swift; path = ListView.swift; sourceTree = "<group>"; };
		16FEA5572B8CD3F000950AAC /* NetworkService.swift */ = {isa = PBXFileReference; lastKnownFileType = sourcecode.swift; path = NetworkService.swift; sourceTree = "<group>"; };
		16FEA5592B8CD7E200950AAC /* Resource.swift */ = {isa = PBXFileReference; lastKnownFileType = sourcecode.swift; path = Resource.swift; sourceTree = "<group>"; };
		16FEA55E2B8CDE7D00950AAC /* NetworkServiceAF.swift */ = {isa = PBXFileReference; lastKnownFileType = sourcecode.swift; path = NetworkServiceAF.swift; sourceTree = "<group>"; };
		16FEA5602B8E0C7200950AAC /* URLSessionView.swift */ = {isa = PBXFileReference; lastKnownFileType = sourcecode.swift; path = URLSessionView.swift; sourceTree = "<group>"; };
		16FEA5622B8E0C7B00950AAC /* AlamofireView.swift */ = {isa = PBXFileReference; lastKnownFileType = sourcecode.swift; path = AlamofireView.swift; sourceTree = "<group>"; };
		16FEA5642B8E12AF00950AAC /* URLSessionViewModel.swift */ = {isa = PBXFileReference; lastKnownFileType = sourcecode.swift; path = URLSessionViewModel.swift; sourceTree = "<group>"; };
/* End PBXFileReference section */

/* Begin PBXFrameworksBuildPhase section */
		16FEA5202B8CBF5B00950AAC /* Frameworks */ = {
			isa = PBXFrameworksBuildPhase;
			buildActionMask = 2147483647;
			files = (
				16FEA5522B8CC16F00950AAC /* Alamofire in Frameworks */,
			);
			runOnlyForDeploymentPostprocessing = 0;
		};
		16FEA5302B8CBF5D00950AAC /* Frameworks */ = {
			isa = PBXFrameworksBuildPhase;
			buildActionMask = 2147483647;
			files = (
			);
			runOnlyForDeploymentPostprocessing = 0;
		};
		16FEA53A2B8CBF5D00950AAC /* Frameworks */ = {
			isa = PBXFrameworksBuildPhase;
			buildActionMask = 2147483647;
			files = (
			);
			runOnlyForDeploymentPostprocessing = 0;
		};
/* End PBXFrameworksBuildPhase section */

/* Begin PBXGroup section */
		16FEA51A2B8CBF5A00950AAC = {
			isa = PBXGroup;
			children = (
				16FEA5252B8CBF5B00950AAC /* URLSession_Alamofire */,
				16FEA5362B8CBF5D00950AAC /* URLSession_AlamofireTests */,
				16FEA5402B8CBF5D00950AAC /* URLSession_AlamofireUITests */,
				16FEA5242B8CBF5B00950AAC /* Products */,
			);
			sourceTree = "<group>";
		};
		16FEA5242B8CBF5B00950AAC /* Products */ = {
			isa = PBXGroup;
			children = (
				16FEA5232B8CBF5B00950AAC /* URLSession_Alamofire.app */,
				16FEA5332B8CBF5D00950AAC /* URLSession_AlamofireTests.xctest */,
				16FEA53D2B8CBF5D00950AAC /* URLSession_AlamofireUITests.xctest */,
			);
			name = Products;
			sourceTree = "<group>";
		};
		16FEA5252B8CBF5B00950AAC /* URLSession_Alamofire */ = {
			isa = PBXGroup;
			children = (
				16FEA5262B8CBF5B00950AAC /* URLSession_AlamofireApp.swift */,
				16FEA5282B8CBF5B00950AAC /* FirestView.swift */,
				16FEA5532B8CC74700950AAC /* UserModel.swift */,
				16FEA5552B8CD09600950AAC /* ListView.swift */,
				16FEA52A2B8CBF5D00950AAC /* Assets.xcassets */,
				16FEA52C2B8CBF5D00950AAC /* Preview Content */,
				16FEA55B2B8CDD6C00950AAC /* Network */,
				16FEA5602B8E0C7200950AAC /* URLSessionView.swift */,
				16FEA5642B8E12AF00950AAC /* URLSessionViewModel.swift */,
				16FEA5622B8E0C7B00950AAC /* AlamofireView.swift */,
			);
			path = URLSession_Alamofire;
			sourceTree = "<group>";
		};
		16FEA52C2B8CBF5D00950AAC /* Preview Content */ = {
			isa = PBXGroup;
			children = (
				16FEA52D2B8CBF5D00950AAC /* Preview Assets.xcassets */,
			);
			path = "Preview Content";
			sourceTree = "<group>";
		};
		16FEA5362B8CBF5D00950AAC /* URLSession_AlamofireTests */ = {
			isa = PBXGroup;
			children = (
				16FEA5372B8CBF5D00950AAC /* URLSession_AlamofireTests.swift */,
			);
			path = URLSession_AlamofireTests;
			sourceTree = "<group>";
		};
		16FEA5402B8CBF5D00950AAC /* URLSession_AlamofireUITests */ = {
			isa = PBXGroup;
			children = (
				16FEA5412B8CBF5D00950AAC /* URLSession_AlamofireUITests.swift */,
				16FEA5432B8CBF5D00950AAC /* URLSession_AlamofireUITestsLaunchTests.swift */,
			);
			path = URLSession_AlamofireUITests;
			sourceTree = "<group>";
		};
		16FEA55B2B8CDD6C00950AAC /* Network */ = {
			isa = PBXGroup;
			children = (
				16FEA5572B8CD3F000950AAC /* NetworkService.swift */,
				16FEA55E2B8CDE7D00950AAC /* NetworkServiceAF.swift */,
				16FEA5592B8CD7E200950AAC /* Resource.swift */,
			);
			path = Network;
			sourceTree = "<group>";
		};
/* End PBXGroup section */

/* Begin PBXNativeTarget section */
		16FEA5222B8CBF5B00950AAC /* URLSession_Alamofire */ = {
			isa = PBXNativeTarget;
			buildConfigurationList = 16FEA5472B8CBF5D00950AAC /* Build configuration list for PBXNativeTarget "URLSession_Alamofire" */;
			buildPhases = (
				16FEA51F2B8CBF5B00950AAC /* Sources */,
				16FEA5202B8CBF5B00950AAC /* Frameworks */,
				16FEA5212B8CBF5B00950AAC /* Resources */,
			);
			buildRules = (
			);
			dependencies = (
			);
			name = URLSession_Alamofire;
			packageProductDependencies = (
				16FEA5512B8CC16F00950AAC /* Alamofire */,
			);
			productName = URLSession_Alamofire;
			productReference = 16FEA5232B8CBF5B00950AAC /* URLSession_Alamofire.app */;
			productType = "com.apple.product-type.application";
		};
		16FEA5322B8CBF5D00950AAC /* URLSession_AlamofireTests */ = {
			isa = PBXNativeTarget;
			buildConfigurationList = 16FEA54A2B8CBF5D00950AAC /* Build configuration list for PBXNativeTarget "URLSession_AlamofireTests" */;
			buildPhases = (
				16FEA52F2B8CBF5D00950AAC /* Sources */,
				16FEA5302B8CBF5D00950AAC /* Frameworks */,
				16FEA5312B8CBF5D00950AAC /* Resources */,
			);
			buildRules = (
			);
			dependencies = (
				16FEA5352B8CBF5D00950AAC /* PBXTargetDependency */,
			);
			name = URLSession_AlamofireTests;
			productName = URLSession_AlamofireTests;
			productReference = 16FEA5332B8CBF5D00950AAC /* URLSession_AlamofireTests.xctest */;
			productType = "com.apple.product-type.bundle.unit-test";
		};
		16FEA53C2B8CBF5D00950AAC /* URLSession_AlamofireUITests */ = {
			isa = PBXNativeTarget;
			buildConfigurationList = 16FEA54D2B8CBF5D00950AAC /* Build configuration list for PBXNativeTarget "URLSession_AlamofireUITests" */;
			buildPhases = (
				16FEA5392B8CBF5D00950AAC /* Sources */,
				16FEA53A2B8CBF5D00950AAC /* Frameworks */,
				16FEA53B2B8CBF5D00950AAC /* Resources */,
			);
			buildRules = (
			);
			dependencies = (
				16FEA53F2B8CBF5D00950AAC /* PBXTargetDependency */,
			);
			name = URLSession_AlamofireUITests;
			productName = URLSession_AlamofireUITests;
			productReference = 16FEA53D2B8CBF5D00950AAC /* URLSession_AlamofireUITests.xctest */;
			productType = "com.apple.product-type.bundle.ui-testing";
		};
/* End PBXNativeTarget section */

/* Begin PBXProject section */
		16FEA51B2B8CBF5A00950AAC /* Project object */ = {
			isa = PBXProject;
			attributes = {
				BuildIndependentTargetsInParallel = 1;
				LastSwiftUpdateCheck = 1500;
				LastUpgradeCheck = 1500;
				TargetAttributes = {
					16FEA5222B8CBF5B00950AAC = {
						CreatedOnToolsVersion = 15.0.1;
					};
					16FEA5322B8CBF5D00950AAC = {
						CreatedOnToolsVersion = 15.0.1;
						TestTargetID = 16FEA5222B8CBF5B00950AAC;
					};
					16FEA53C2B8CBF5D00950AAC = {
						CreatedOnToolsVersion = 15.0.1;
						TestTargetID = 16FEA5222B8CBF5B00950AAC;
					};
				};
			};
			buildConfigurationList = 16FEA51E2B8CBF5B00950AAC /* Build configuration list for PBXProject "URLSession_Alamofire" */;
			compatibilityVersion = "Xcode 14.0";
			developmentRegion = en;
			hasScannedForEncodings = 0;
			knownRegions = (
				en,
				Base,
			);
			mainGroup = 16FEA51A2B8CBF5A00950AAC;
			packageReferences = (
				16FEA5502B8CC16F00950AAC /* XCRemoteSwiftPackageReference "Alamofire" */,
			);
			productRefGroup = 16FEA5242B8CBF5B00950AAC /* Products */;
			projectDirPath = "";
			projectRoot = "";
			targets = (
				16FEA5222B8CBF5B00950AAC /* URLSession_Alamofire */,
				16FEA5322B8CBF5D00950AAC /* URLSession_AlamofireTests */,
				16FEA53C2B8CBF5D00950AAC /* URLSession_AlamofireUITests */,
			);
		};
/* End PBXProject section */

/* Begin PBXResourcesBuildPhase section */
		16FEA5212B8CBF5B00950AAC /* Resources */ = {
			isa = PBXResourcesBuildPhase;
			buildActionMask = 2147483647;
			files = (
				16FEA52E2B8CBF5D00950AAC /* Preview Assets.xcassets in Resources */,
				16FEA52B2B8CBF5D00950AAC /* Assets.xcassets in Resources */,
			);
			runOnlyForDeploymentPostprocessing = 0;
		};
		16FEA5312B8CBF5D00950AAC /* Resources */ = {
			isa = PBXResourcesBuildPhase;
			buildActionMask = 2147483647;
			files = (
			);
			runOnlyForDeploymentPostprocessing = 0;
		};
		16FEA53B2B8CBF5D00950AAC /* Resources */ = {
			isa = PBXResourcesBuildPhase;
			buildActionMask = 2147483647;
			files = (
			);
			runOnlyForDeploymentPostprocessing = 0;
		};
/* End PBXResourcesBuildPhase section */

/* Begin PBXSourcesBuildPhase section */
		16FEA51F2B8CBF5B00950AAC /* Sources */ = {
			isa = PBXSourcesBuildPhase;
			buildActionMask = 2147483647;
			files = (
				16FEA5582B8CD3F000950AAC /* NetworkService.swift in Sources */,
				16FEA5612B8E0C7200950AAC /* URLSessionView.swift in Sources */,
				16FEA5562B8CD09600950AAC /* ListView.swift in Sources */,
				16FEA5652B8E12AF00950AAC /* URLSessionViewModel.swift in Sources */,
				16FEA55F2B8CDE7D00950AAC /* NetworkServiceAF.swift in Sources */,
				16FEA5292B8CBF5B00950AAC /* FirestView.swift in Sources */,
				16FEA5632B8E0C7B00950AAC /* AlamofireView.swift in Sources */,
				16FEA55A2B8CD7E200950AAC /* Resource.swift in Sources */,
				16FEA5542B8CC74700950AAC /* UserModel.swift in Sources */,
				16FEA5272B8CBF5B00950AAC /* URLSession_AlamofireApp.swift in Sources */,
			);
			runOnlyForDeploymentPostprocessing = 0;
		};
		16FEA52F2B8CBF5D00950AAC /* Sources */ = {
			isa = PBXSourcesBuildPhase;
			buildActionMask = 2147483647;
			files = (
				16FEA5382B8CBF5D00950AAC /* URLSession_AlamofireTests.swift in Sources */,
			);
			runOnlyForDeploymentPostprocessing = 0;
		};
		16FEA5392B8CBF5D00950AAC /* Sources */ = {
			isa = PBXSourcesBuildPhase;
			buildActionMask = 2147483647;
			files = (
				16FEA5442B8CBF5D00950AAC /* URLSession_AlamofireUITestsLaunchTests.swift in Sources */,
				16FEA5422B8CBF5D00950AAC /* URLSession_AlamofireUITests.swift in Sources */,
			);
			runOnlyForDeploymentPostprocessing = 0;
		};
/* End PBXSourcesBuildPhase section */

/* Begin PBXTargetDependency section */
		16FEA5352B8CBF5D00950AAC /* PBXTargetDependency */ = {
			isa = PBXTargetDependency;
			target = 16FEA5222B8CBF5B00950AAC /* URLSession_Alamofire */;
			targetProxy = 16FEA5342B8CBF5D00950AAC /* PBXContainerItemProxy */;
		};
		16FEA53F2B8CBF5D00950AAC /* PBXTargetDependency */ = {
			isa = PBXTargetDependency;
			target = 16FEA5222B8CBF5B00950AAC /* URLSession_Alamofire */;
			targetProxy = 16FEA53E2B8CBF5D00950AAC /* PBXContainerItemProxy */;
		};
/* End PBXTargetDependency section */

/* Begin XCBuildConfiguration section */
		16FEA5452B8CBF5D00950AAC /* Debug */ = {
			isa = XCBuildConfiguration;
			buildSettings = {
				ALWAYS_SEARCH_USER_PATHS = NO;
				ASSETCATALOG_COMPILER_GENERATE_SWIFT_ASSET_SYMBOL_EXTENSIONS = YES;
				CLANG_ANALYZER_NONNULL = YES;
				CLANG_ANALYZER_NUMBER_OBJECT_CONVERSION = YES_AGGRESSIVE;
				CLANG_CXX_LANGUAGE_STANDARD = "gnu++20";
				CLANG_ENABLE_MODULES = YES;
				CLANG_ENABLE_OBJC_ARC = YES;
				CLANG_ENABLE_OBJC_WEAK = YES;
				CLANG_WARN_BLOCK_CAPTURE_AUTORELEASING = YES;
				CLANG_WARN_BOOL_CONVERSION = YES;
				CLANG_WARN_COMMA = YES;
				CLANG_WARN_CONSTANT_CONVERSION = YES;
				CLANG_WARN_DEPRECATED_OBJC_IMPLEMENTATIONS = YES;
				CLANG_WARN_DIRECT_OBJC_ISA_USAGE = YES_ERROR;
				CLANG_WARN_DOCUMENTATION_COMMENTS = YES;
				CLANG_WARN_EMPTY_BODY = YES;
				CLANG_WARN_ENUM_CONVERSION = YES;
				CLANG_WARN_INFINITE_RECURSION = YES;
				CLANG_WARN_INT_CONVERSION = YES;
				CLANG_WARN_NON_LITERAL_NULL_CONVERSION = YES;
				CLANG_WARN_OBJC_IMPLICIT_RETAIN_SELF = YES;
				CLANG_WARN_OBJC_LITERAL_CONVERSION = YES;
				CLANG_WARN_OBJC_ROOT_CLASS = YES_ERROR;
				CLANG_WARN_QUOTED_INCLUDE_IN_FRAMEWORK_HEADER = YES;
				CLANG_WARN_RANGE_LOOP_ANALYSIS = YES;
				CLANG_WARN_STRICT_PROTOTYPES = YES;
				CLANG_WARN_SUSPICIOUS_MOVE = YES;
				CLANG_WARN_UNGUARDED_AVAILABILITY = YES_AGGRESSIVE;
				CLANG_WARN_UNREACHABLE_CODE = YES;
				CLANG_WARN__DUPLICATE_METHOD_MATCH = YES;
				COPY_PHASE_STRIP = NO;
				DEBUG_INFORMATION_FORMAT = dwarf;
				ENABLE_STRICT_OBJC_MSGSEND = YES;
				ENABLE_TESTABILITY = YES;
				ENABLE_USER_SCRIPT_SANDBOXING = YES;
				GCC_C_LANGUAGE_STANDARD = gnu17;
				GCC_DYNAMIC_NO_PIC = NO;
				GCC_NO_COMMON_BLOCKS = YES;
				GCC_OPTIMIZATION_LEVEL = 0;
				GCC_PREPROCESSOR_DEFINITIONS = (
					"DEBUG=1",
					"$(inherited)",
				);
				GCC_WARN_64_TO_32_BIT_CONVERSION = YES;
				GCC_WARN_ABOUT_RETURN_TYPE = YES_ERROR;
				GCC_WARN_UNDECLARED_SELECTOR = YES;
				GCC_WARN_UNINITIALIZED_AUTOS = YES_AGGRESSIVE;
				GCC_WARN_UNUSED_FUNCTION = YES;
				GCC_WARN_UNUSED_VARIABLE = YES;
				IPHONEOS_DEPLOYMENT_TARGET = 17.0;
				LOCALIZATION_PREFERS_STRING_CATALOGS = YES;
				MTL_ENABLE_DEBUG_INFO = INCLUDE_SOURCE;
				MTL_FAST_MATH = YES;
				ONLY_ACTIVE_ARCH = YES;
				SDKROOT = iphoneos;
				SWIFT_ACTIVE_COMPILATION_CONDITIONS = "DEBUG $(inherited)";
				SWIFT_OPTIMIZATION_LEVEL = "-Onone";
			};
			name = Debug;
		};
		16FEA5462B8CBF5D00950AAC /* Release */ = {
			isa = XCBuildConfiguration;
			buildSettings = {
				ALWAYS_SEARCH_USER_PATHS = NO;
				ASSETCATALOG_COMPILER_GENERATE_SWIFT_ASSET_SYMBOL_EXTENSIONS = YES;
				CLANG_ANALYZER_NONNULL = YES;
				CLANG_ANALYZER_NUMBER_OBJECT_CONVERSION = YES_AGGRESSIVE;
				CLANG_CXX_LANGUAGE_STANDARD = "gnu++20";
				CLANG_ENABLE_MODULES = YES;
				CLANG_ENABLE_OBJC_ARC = YES;
				CLANG_ENABLE_OBJC_WEAK = YES;
				CLANG_WARN_BLOCK_CAPTURE_AUTORELEASING = YES;
				CLANG_WARN_BOOL_CONVERSION = YES;
				CLANG_WARN_COMMA = YES;
				CLANG_WARN_CONSTANT_CONVERSION = YES;
				CLANG_WARN_DEPRECATED_OBJC_IMPLEMENTATIONS = YES;
				CLANG_WARN_DIRECT_OBJC_ISA_USAGE = YES_ERROR;
				CLANG_WARN_DOCUMENTATION_COMMENTS = YES;
				CLANG_WARN_EMPTY_BODY = YES;
				CLANG_WARN_ENUM_CONVERSION = YES;
				CLANG_WARN_INFINITE_RECURSION = YES;
				CLANG_WARN_INT_CONVERSION = YES;
				CLANG_WARN_NON_LITERAL_NULL_CONVERSION = YES;
				CLANG_WARN_OBJC_IMPLICIT_RETAIN_SELF = YES;
				CLANG_WARN_OBJC_LITERAL_CONVERSION = YES;
				CLANG_WARN_OBJC_ROOT_CLASS = YES_ERROR;
				CLANG_WARN_QUOTED_INCLUDE_IN_FRAMEWORK_HEADER = YES;
				CLANG_WARN_RANGE_LOOP_ANALYSIS = YES;
				CLANG_WARN_STRICT_PROTOTYPES = YES;
				CLANG_WARN_SUSPICIOUS_MOVE = YES;
				CLANG_WARN_UNGUARDED_AVAILABILITY = YES_AGGRESSIVE;
				CLANG_WARN_UNREACHABLE_CODE = YES;
				CLANG_WARN__DUPLICATE_METHOD_MATCH = YES;
				COPY_PHASE_STRIP = NO;
				DEBUG_INFORMATION_FORMAT = "dwarf-with-dsym";
				ENABLE_NS_ASSERTIONS = NO;
				ENABLE_STRICT_OBJC_MSGSEND = YES;
				ENABLE_USER_SCRIPT_SANDBOXING = YES;
				GCC_C_LANGUAGE_STANDARD = gnu17;
				GCC_NO_COMMON_BLOCKS = YES;
				GCC_WARN_64_TO_32_BIT_CONVERSION = YES;
				GCC_WARN_ABOUT_RETURN_TYPE = YES_ERROR;
				GCC_WARN_UNDECLARED_SELECTOR = YES;
				GCC_WARN_UNINITIALIZED_AUTOS = YES_AGGRESSIVE;
				GCC_WARN_UNUSED_FUNCTION = YES;
				GCC_WARN_UNUSED_VARIABLE = YES;
				IPHONEOS_DEPLOYMENT_TARGET = 17.0;
				LOCALIZATION_PREFERS_STRING_CATALOGS = YES;
				MTL_ENABLE_DEBUG_INFO = NO;
				MTL_FAST_MATH = YES;
				SDKROOT = iphoneos;
				SWIFT_COMPILATION_MODE = wholemodule;
				VALIDATE_PRODUCT = YES;
			};
			name = Release;
		};
		16FEA5482B8CBF5D00950AAC /* Debug */ = {
			isa = XCBuildConfiguration;
			buildSettings = {
				ASSETCATALOG_COMPILER_APPICON_NAME = AppIcon;
				ASSETCATALOG_COMPILER_GLOBAL_ACCENT_COLOR_NAME = AccentColor;
				CODE_SIGN_STYLE = Automatic;
				CURRENT_PROJECT_VERSION = 1;
				DEVELOPMENT_ASSET_PATHS = "\"URLSession_Alamofire/Preview Content\"";
				DEVELOPMENT_TEAM = Y6Z9S947T8;
				ENABLE_PREVIEWS = YES;
				GENERATE_INFOPLIST_FILE = YES;
				INFOPLIST_KEY_UIApplicationSceneManifest_Generation = YES;
				INFOPLIST_KEY_UIApplicationSupportsIndirectInputEvents = YES;
				INFOPLIST_KEY_UILaunchScreen_Generation = YES;
				INFOPLIST_KEY_UISupportedInterfaceOrientations_iPad = "UIInterfaceOrientationPortrait UIInterfaceOrientationPortraitUpsideDown UIInterfaceOrientationLandscapeLeft UIInterfaceOrientationLandscapeRight";
				INFOPLIST_KEY_UISupportedInterfaceOrientations_iPhone = "UIInterfaceOrientationPortrait UIInterfaceOrientationLandscapeLeft UIInterfaceOrientationLandscapeRight";
				LD_RUNPATH_SEARCH_PATHS = (
					"$(inherited)",
					"@executable_path/Frameworks",
				);
				MARKETING_VERSION = 1.0;
				PRODUCT_BUNDLE_IDENTIFIER = "SJ.Respect.URLSession-Alamofire";
				PRODUCT_NAME = "$(TARGET_NAME)";
				SWIFT_EMIT_LOC_STRINGS = YES;
				SWIFT_VERSION = 5.0;
				TARGETED_DEVICE_FAMILY = "1,2";
			};
			name = Debug;
		};
		16FEA5492B8CBF5D00950AAC /* Release */ = {
			isa = XCBuildConfiguration;
			buildSettings = {
				ASSETCATALOG_COMPILER_APPICON_NAME = AppIcon;
				ASSETCATALOG_COMPILER_GLOBAL_ACCENT_COLOR_NAME = AccentColor;
				CODE_SIGN_STYLE = Automatic;
				CURRENT_PROJECT_VERSION = 1;
				DEVELOPMENT_ASSET_PATHS = "\"URLSession_Alamofire/Preview Content\"";
				DEVELOPMENT_TEAM = Y6Z9S947T8;
				ENABLE_PREVIEWS = YES;
				GENERATE_INFOPLIST_FILE = YES;
				INFOPLIST_KEY_UIApplicationSceneManifest_Generation = YES;
				INFOPLIST_KEY_UIApplicationSupportsIndirectInputEvents = YES;
				INFOPLIST_KEY_UILaunchScreen_Generation = YES;
				INFOPLIST_KEY_UISupportedInterfaceOrientations_iPad = "UIInterfaceOrientationPortrait UIInterfaceOrientationPortraitUpsideDown UIInterfaceOrientationLandscapeLeft UIInterfaceOrientationLandscapeRight";
				INFOPLIST_KEY_UISupportedInterfaceOrientations_iPhone = "UIInterfaceOrientationPortrait UIInterfaceOrientationLandscapeLeft UIInterfaceOrientationLandscapeRight";
				LD_RUNPATH_SEARCH_PATHS = (
					"$(inherited)",
					"@executable_path/Frameworks",
				);
				MARKETING_VERSION = 1.0;
				PRODUCT_BUNDLE_IDENTIFIER = "SJ.Respect.URLSession-Alamofire";
				PRODUCT_NAME = "$(TARGET_NAME)";
				SWIFT_EMIT_LOC_STRINGS = YES;
				SWIFT_VERSION = 5.0;
				TARGETED_DEVICE_FAMILY = "1,2";
			};
			name = Release;
		};
		16FEA54B2B8CBF5D00950AAC /* Debug */ = {
			isa = XCBuildConfiguration;
			buildSettings = {
				ALWAYS_EMBED_SWIFT_STANDARD_LIBRARIES = YES;
				BUNDLE_LOADER = "$(TEST_HOST)";
				CODE_SIGN_STYLE = Automatic;
				CURRENT_PROJECT_VERSION = 1;
				DEVELOPMENT_TEAM = Y6Z9S947T8;
				GENERATE_INFOPLIST_FILE = YES;
				IPHONEOS_DEPLOYMENT_TARGET = 17.0;
				MARKETING_VERSION = 1.0;
				PRODUCT_BUNDLE_IDENTIFIER = "SJ.Respect.URLSession-AlamofireTests";
				PRODUCT_NAME = "$(TARGET_NAME)";
				SWIFT_EMIT_LOC_STRINGS = NO;
				SWIFT_VERSION = 5.0;
				TARGETED_DEVICE_FAMILY = "1,2";
				TEST_HOST = "$(BUILT_PRODUCTS_DIR)/URLSession_Alamofire.app/$(BUNDLE_EXECUTABLE_FOLDER_PATH)/URLSession_Alamofire";
			};
			name = Debug;
		};
		16FEA54C2B8CBF5D00950AAC /* Release */ = {
			isa = XCBuildConfiguration;
			buildSettings = {
				ALWAYS_EMBED_SWIFT_STANDARD_LIBRARIES = YES;
				BUNDLE_LOADER = "$(TEST_HOST)";
				CODE_SIGN_STYLE = Automatic;
				CURRENT_PROJECT_VERSION = 1;
				DEVELOPMENT_TEAM = Y6Z9S947T8;
				GENERATE_INFOPLIST_FILE = YES;
				IPHONEOS_DEPLOYMENT_TARGET = 17.0;
				MARKETING_VERSION = 1.0;
				PRODUCT_BUNDLE_IDENTIFIER = "SJ.Respect.URLSession-AlamofireTests";
				PRODUCT_NAME = "$(TARGET_NAME)";
				SWIFT_EMIT_LOC_STRINGS = NO;
				SWIFT_VERSION = 5.0;
				TARGETED_DEVICE_FAMILY = "1,2";
				TEST_HOST = "$(BUILT_PRODUCTS_DIR)/URLSession_Alamofire.app/$(BUNDLE_EXECUTABLE_FOLDER_PATH)/URLSession_Alamofire";
			};
			name = Release;
		};
		16FEA54E2B8CBF5D00950AAC /* Debug */ = {
			isa = XCBuildConfiguration;
			buildSettings = {
				ALWAYS_EMBED_SWIFT_STANDARD_LIBRARIES = YES;
				CODE_SIGN_STYLE = Automatic;
				CURRENT_PROJECT_VERSION = 1;
				DEVELOPMENT_TEAM = Y6Z9S947T8;
				GENERATE_INFOPLIST_FILE = YES;
				MARKETING_VERSION = 1.0;
				PRODUCT_BUNDLE_IDENTIFIER = "SJ.Respect.URLSession-AlamofireUITests";
				PRODUCT_NAME = "$(TARGET_NAME)";
				SWIFT_EMIT_LOC_STRINGS = NO;
				SWIFT_VERSION = 5.0;
				TARGETED_DEVICE_FAMILY = "1,2";
				TEST_TARGET_NAME = URLSession_Alamofire;
			};
			name = Debug;
		};
		16FEA54F2B8CBF5D00950AAC /* Release */ = {
			isa = XCBuildConfiguration;
			buildSettings = {
				ALWAYS_EMBED_SWIFT_STANDARD_LIBRARIES = YES;
				CODE_SIGN_STYLE = Automatic;
				CURRENT_PROJECT_VERSION = 1;
				DEVELOPMENT_TEAM = Y6Z9S947T8;
				GENERATE_INFOPLIST_FILE = YES;
				MARKETING_VERSION = 1.0;
				PRODUCT_BUNDLE_IDENTIFIER = "SJ.Respect.URLSession-AlamofireUITests";
				PRODUCT_NAME = "$(TARGET_NAME)";
				SWIFT_EMIT_LOC_STRINGS = NO;
				SWIFT_VERSION = 5.0;
				TARGETED_DEVICE_FAMILY = "1,2";
				TEST_TARGET_NAME = URLSession_Alamofire;
			};
			name = Release;
		};
/* End XCBuildConfiguration section */

/* Begin XCConfigurationList section */
		16FEA51E2B8CBF5B00950AAC /* Build configuration list for PBXProject "URLSession_Alamofire" */ = {
			isa = XCConfigurationList;
			buildConfigurations = (
				16FEA5452B8CBF5D00950AAC /* Debug */,
				16FEA5462B8CBF5D00950AAC /* Release */,
			);
			defaultConfigurationIsVisible = 0;
			defaultConfigurationName = Release;
		};
		16FEA5472B8CBF5D00950AAC /* Build configuration list for PBXNativeTarget "URLSession_Alamofire" */ = {
			isa = XCConfigurationList;
			buildConfigurations = (
				16FEA5482B8CBF5D00950AAC /* Debug */,
				16FEA5492B8CBF5D00950AAC /* Release */,
			);
			defaultConfigurationIsVisible = 0;
			defaultConfigurationName = Release;
		};
		16FEA54A2B8CBF5D00950AAC /* Build configuration list for PBXNativeTarget "URLSession_AlamofireTests" */ = {
			isa = XCConfigurationList;
			buildConfigurations = (
				16FEA54B2B8CBF5D00950AAC /* Debug */,
				16FEA54C2B8CBF5D00950AAC /* Release */,
			);
			defaultConfigurationIsVisible = 0;
			defaultConfigurationName = Release;
		};
		16FEA54D2B8CBF5D00950AAC /* Build configuration list for PBXNativeTarget "URLSession_AlamofireUITests" */ = {
			isa = XCConfigurationList;
			buildConfigurations = (
				16FEA54E2B8CBF5D00950AAC /* Debug */,
				16FEA54F2B8CBF5D00950AAC /* Release */,
			);
			defaultConfigurationIsVisible = 0;
			defaultConfigurationName = Release;
		};
/* End XCConfigurationList section */

/* Begin XCRemoteSwiftPackageReference section */
		16FEA5502B8CC16F00950AAC /* XCRemoteSwiftPackageReference "Alamofire" */ = {
			isa = XCRemoteSwiftPackageReference;
			repositoryURL = "https://github.com/Alamofire/Alamofire.git";
			requirement = {
				kind = exactVersion;
				version = 5.8.1;
			};
		};
/* End XCRemoteSwiftPackageReference section */

/* Begin XCSwiftPackageProductDependency section */
		16FEA5512B8CC16F00950AAC /* Alamofire */ = {
			isa = XCSwiftPackageProductDependency;
			package = 16FEA5502B8CC16F00950AAC /* XCRemoteSwiftPackageReference "Alamofire" */;
			productName = Alamofire;
		};
/* End XCSwiftPackageProductDependency section */
	};
	rootObject = 16FEA51B2B8CBF5A00950AAC /* Project object */;
}
